// !$*UTF8*$!
{
	archiveVersion = 1;
	classes = {
	};
	objectVersion = 56;
	objects = {

/* Begin PBXBuildFile section */
		850F877B2C87AAD000CD1E4A /* main.swift in Sources */ = {isa = PBXBuildFile; fileRef = 850F877A2C87AAD000CD1E4A /* main.swift */; };
		850F87882C87C2E900CD1E4A /* IOUtils.swift in Sources */ = {isa = PBXBuildFile; fileRef = 850F87872C87C2E900CD1E4A /* IOUtils.swift */; };
		850F878C2C87C47200CD1E4A /* Day01Pt1.swift in Sources */ = {isa = PBXBuildFile; fileRef = 850F878B2C87C47200CD1E4A /* Day01Pt1.swift */; };
		850F878F2C87C98400CD1E4A /* day01_input.txt in Copy Resources */ = {isa = PBXBuildFile; fileRef = 850F878E2C87C69E00CD1E4A /* day01_input.txt */; };
		850F87902C87C9B900CD1E4A /* day01_test.txt in Copy Resources */ = {isa = PBXBuildFile; fileRef = 850F87852C87BF8900CD1E4A /* day01_test.txt */; };
		850F87922C87CBD900CD1E4A /* Day01Pt2.swift in Sources */ = {isa = PBXBuildFile; fileRef = 850F87912C87CBD900CD1E4A /* Day01Pt2.swift */; };
		850F87972C87D25E00CD1E4A /* Day02Pt1.swift in Sources */ = {isa = PBXBuildFile; fileRef = 850F87962C87D25E00CD1E4A /* Day02Pt1.swift */; };
		850F87982C87D28900CD1E4A /* day02_input.txt in Copy Resources */ = {isa = PBXBuildFile; fileRef = 850F87932C87D20800CD1E4A /* day02_input.txt */; };
		850F87992C87D28900CD1E4A /* day02_test.txt in Copy Resources */ = {isa = PBXBuildFile; fileRef = 850F87942C87D24300CD1E4A /* day02_test.txt */; };
		850F879B2C87D7DD00CD1E4A /* Day02Pt2.swift in Sources */ = {isa = PBXBuildFile; fileRef = 850F879A2C87D7DD00CD1E4A /* Day02Pt2.swift */; };
		850F879E2C87DC2800CD1E4A /* Day03Pt1.swift in Sources */ = {isa = PBXBuildFile; fileRef = 850F879D2C87DC2800CD1E4A /* Day03Pt1.swift */; };
		850F87A02C87DC5E00CD1E4A /* day03_input.txt in Copy Resources */ = {isa = PBXBuildFile; fileRef = 850F879F2C87DC5700CD1E4A /* day03_input.txt */; };
		850F87A22C8809B900CD1E4A /* Day03Pt2.swift in Sources */ = {isa = PBXBuildFile; fileRef = 850F87A12C8809B900CD1E4A /* Day03Pt2.swift */; };
		850F87A72C89129100CD1E4A /* day04_input.txt in Copy Resources */ = {isa = PBXBuildFile; fileRef = 850F87A52C89128300CD1E4A /* day04_input.txt */; };
		850F87A82C89129100CD1E4A /* day04_test.txt in Copy Resources */ = {isa = PBXBuildFile; fileRef = 850F87A62C89128300CD1E4A /* day04_test.txt */; };
		850F87AD2C8913D600CD1E4A /* Day04Pt1.swift in Sources */ = {isa = PBXBuildFile; fileRef = 850F87AC2C8913D600CD1E4A /* Day04Pt1.swift */; };
		850F87AF2C89162300CD1E4A /* Day04Pt2.swift in Sources */ = {isa = PBXBuildFile; fileRef = 850F87AE2C89162300CD1E4A /* Day04Pt2.swift */; };
		850F87B22C891A6500CD1E4A /* day05_input.txt in Copy Resources */ = {isa = PBXBuildFile; fileRef = 850F87B02C891A5900CD1E4A /* day05_input.txt */; };
		850F87B32C891A6500CD1E4A /* day05_test.txt in Copy Resources */ = {isa = PBXBuildFile; fileRef = 850F87B12C891A5900CD1E4A /* day05_test.txt */; };
		850F87B62C891A7700CD1E4A /* Day05Pt1.swift in Sources */ = {isa = PBXBuildFile; fileRef = 850F87B52C891A7700CD1E4A /* Day05Pt1.swift */; };
		850F87B82C891C1A00CD1E4A /* Day05Pt2.swift in Sources */ = {isa = PBXBuildFile; fileRef = 850F87B72C891C1A00CD1E4A /* Day05Pt2.swift */; };
		850F87BC2C89713000CD1E4A /* Day06Pt1.swift in Sources */ = {isa = PBXBuildFile; fileRef = 850F87BB2C89713000CD1E4A /* Day06Pt1.swift */; };
		850F87BD2C89717300CD1E4A /* day06_input.txt in Copy Resources */ = {isa = PBXBuildFile; fileRef = 850F87B92C8970EB00CD1E4A /* day06_input.txt */; };
		850F87BF2C89729900CD1E4A /* day06_test.txt in Copy Resources */ = {isa = PBXBuildFile; fileRef = 850F87BE2C89728400CD1E4A /* day06_test.txt */; };
		850F87C12C8975ED00CD1E4A /* Day06Pt2.swift in Sources */ = {isa = PBXBuildFile; fileRef = 850F87C02C8975ED00CD1E4A /* Day06Pt2.swift */; };
		850F87C42C89771100CD1E4A /* day07_input.txt in Copy Resources */ = {isa = PBXBuildFile; fileRef = 850F87C22C8976E400CD1E4A /* day07_input.txt */; };
		850F87C52C89771100CD1E4A /* day07_test.txt in Copy Resources */ = {isa = PBXBuildFile; fileRef = 850F87C32C89770300CD1E4A /* day07_test.txt */; };
		850F87C82C89773400CD1E4A /* Day07Pt1.swift in Sources */ = {isa = PBXBuildFile; fileRef = 850F87C72C89773400CD1E4A /* Day07Pt1.swift */; };
		8579CA272CFA8BCC0055DA87 /* Day13Pt1.swift in Sources */ = {isa = PBXBuildFile; fileRef = 8579CA262CFA8BC90055DA87 /* Day13Pt1.swift */; };
		8579CA2A2CFA8C460055DA87 /* day13_test.txt in Copy Resources */ = {isa = PBXBuildFile; fileRef = 8579CA292CFA8C330055DA87 /* day13_test.txt */; };
		8579CA2B2CFA8C460055DA87 /* day13_input.txt in Copy Resources */ = {isa = PBXBuildFile; fileRef = 8579CA282CFA8C290055DA87 /* day13_input.txt */; };
		8579CA2D2CFADE4C0055DA87 /* Day13Pt2.swift in Sources */ = {isa = PBXBuildFile; fileRef = 8579CA2C2CFADE490055DA87 /* Day13Pt2.swift */; };
		85CA6A7E2CF9591800DFAD12 /* Day07Pt2.swift in Sources */ = {isa = PBXBuildFile; fileRef = 85CA6A7D2CF9591400DFAD12 /* Day07Pt2.swift */; };
		85CA6A812CF97B7B00DFAD12 /* Day08Pt1.swift in Sources */ = {isa = PBXBuildFile; fileRef = 85CA6A802CF97B7600DFAD12 /* Day08Pt1.swift */; };
		85CA6A842CF97D4A00DFAD12 /* day08_test.txt in Copy Resources */ = {isa = PBXBuildFile; fileRef = 85CA6A822CF97CA600DFAD12 /* day08_test.txt */; };
		85CA6A852CF97D4A00DFAD12 /* day08_input.txt in Copy Resources */ = {isa = PBXBuildFile; fileRef = 85CA6A832CF97CBB00DFAD12 /* day08_input.txt */; };
		85CA6A882CF981EE00DFAD12 /* Day08Pt2.swift in Sources */ = {isa = PBXBuildFile; fileRef = 85CA6A872CF981EB00DFAD12 /* Day08Pt2.swift */; };
		85CA6A8B2CF982B800DFAD12 /* Day09Pt1.swift in Sources */ = {isa = PBXBuildFile; fileRef = 85CA6A8A2CF982B600DFAD12 /* Day09Pt1.swift */; };
		85CA6A8E2CF982EC00DFAD12 /* day09_test.txt in Copy Resources */ = {isa = PBXBuildFile; fileRef = 85CA6A8C2CF982CD00DFAD12 /* day09_test.txt */; };
		85CA6A8F2CF982EC00DFAD12 /* day09_input.txt in Copy Resources */ = {isa = PBXBuildFile; fileRef = 85CA6A8D2CF982DA00DFAD12 /* day09_input.txt */; };
		85CA6A912CFA1E0300DFAD12 /* Day09Pt2.swift in Sources */ = {isa = PBXBuildFile; fileRef = 85CA6A902CFA1DFF00DFAD12 /* Day09Pt2.swift */; };
		85CA6A942CFA203200DFAD12 /* Day10Pt1.swift in Sources */ = {isa = PBXBuildFile; fileRef = 85CA6A932CFA203000DFAD12 /* Day10Pt1.swift */; };
		85CA6A972CFA20BF00DFAD12 /* day10_test.txt in Copy Resources */ = {isa = PBXBuildFile; fileRef = 85CA6A952CFA206C00DFAD12 /* day10_test.txt */; };
		85CA6A982CFA20BF00DFAD12 /* day10_input.txt in Copy Resources */ = {isa = PBXBuildFile; fileRef = 85CA6A962CFA207600DFAD12 /* day10_input.txt */; };
		85CA6A9A2CFA2A5800DFAD12 /* Day10Pt2.swift in Sources */ = {isa = PBXBuildFile; fileRef = 85CA6A992CFA2A5600DFAD12 /* Day10Pt2.swift */; };
		85CA6A9D2CFA5B3900DFAD12 /* Day11Pt1.swift in Sources */ = {isa = PBXBuildFile; fileRef = 85CA6A9C2CFA5B3700DFAD12 /* Day11Pt1.swift */; };
		85CA6AA02CFA5B8300DFAD12 /* day11_test.txt in Copy Resources */ = {isa = PBXBuildFile; fileRef = 85CA6A9E2CFA5B5800DFAD12 /* day11_test.txt */; };
		85CA6AA12CFA5B8300DFAD12 /* day11_input.txt in Copy Resources */ = {isa = PBXBuildFile; fileRef = 85CA6A9F2CFA5B6000DFAD12 /* day11_input.txt */; };
		85CA6AA32CFA84C500DFAD12 /* Day11Pt2.swift in Sources */ = {isa = PBXBuildFile; fileRef = 85CA6AA22CFA84C300DFAD12 /* Day11Pt2.swift */; };
		85CA6AA62CFA857800DFAD12 /* Day12Pt1.swift in Sources */ = {isa = PBXBuildFile; fileRef = 85CA6AA52CFA857600DFAD12 /* Day12Pt1.swift */; };
		85CA6AA92CFA85D500DFAD12 /* day12_test.txt in Copy Resources */ = {isa = PBXBuildFile; fileRef = 85CA6AA82CFA85A500DFAD12 /* day12_test.txt */; };
		85CA6AAA2CFA85D500DFAD12 /* day12_input.txt in Copy Resources */ = {isa = PBXBuildFile; fileRef = 85CA6AA72CFA859B00DFAD12 /* day12_input.txt */; };
		85CA6AAC2CFA898200DFAD12 /* Day12Pt2.swift in Sources */ = {isa = PBXBuildFile; fileRef = 85CA6AAB2CFA898000DFAD12 /* Day12Pt2.swift */; };
/* End PBXBuildFile section */

/* Begin PBXCopyFilesBuildPhase section */
		850F87822C87AED800CD1E4A /* Copy Resources */ = {
			isa = PBXCopyFilesBuildPhase;
			buildActionMask = 2147483647;
			dstPath = "";
			dstSubfolderSpec = 7;
			files = (
				8579CA2A2CFA8C460055DA87 /* day13_test.txt in Copy Resources */,
				8579CA2B2CFA8C460055DA87 /* day13_input.txt in Copy Resources */,
				85CA6AA92CFA85D500DFAD12 /* day12_test.txt in Copy Resources */,
				85CA6AAA2CFA85D500DFAD12 /* day12_input.txt in Copy Resources */,
				85CA6AA02CFA5B8300DFAD12 /* day11_test.txt in Copy Resources */,
				85CA6AA12CFA5B8300DFAD12 /* day11_input.txt in Copy Resources */,
				85CA6A972CFA20BF00DFAD12 /* day10_test.txt in Copy Resources */,
				85CA6A982CFA20BF00DFAD12 /* day10_input.txt in Copy Resources */,
				85CA6A8E2CF982EC00DFAD12 /* day09_test.txt in Copy Resources */,
				85CA6A8F2CF982EC00DFAD12 /* day09_input.txt in Copy Resources */,
				85CA6A842CF97D4A00DFAD12 /* day08_test.txt in Copy Resources */,
				85CA6A852CF97D4A00DFAD12 /* day08_input.txt in Copy Resources */,
				850F87C42C89771100CD1E4A /* day07_input.txt in Copy Resources */,
				850F87C52C89771100CD1E4A /* day07_test.txt in Copy Resources */,
				850F87BF2C89729900CD1E4A /* day06_test.txt in Copy Resources */,
				850F87BD2C89717300CD1E4A /* day06_input.txt in Copy Resources */,
				850F87B22C891A6500CD1E4A /* day05_input.txt in Copy Resources */,
				850F87B32C891A6500CD1E4A /* day05_test.txt in Copy Resources */,
				850F87A72C89129100CD1E4A /* day04_input.txt in Copy Resources */,
				850F87A82C89129100CD1E4A /* day04_test.txt in Copy Resources */,
				850F87A02C87DC5E00CD1E4A /* day03_input.txt in Copy Resources */,
				850F87982C87D28900CD1E4A /* day02_input.txt in Copy Resources */,
				850F87992C87D28900CD1E4A /* day02_test.txt in Copy Resources */,
				850F87902C87C9B900CD1E4A /* day01_test.txt in Copy Resources */,
				850F878F2C87C98400CD1E4A /* day01_input.txt in Copy Resources */,
			);
			name = "Copy Resources";
			runOnlyForDeploymentPostprocessing = 0;
		};
/* End PBXCopyFilesBuildPhase section */

/* Begin PBXFileReference section */
		850F87772C87AAD000CD1E4A /* Advent */ = {isa = PBXFileReference; explicitFileType = "compiled.mach-o.executable"; includeInIndex = 0; path = Advent; sourceTree = BUILT_PRODUCTS_DIR; };
		850F877A2C87AAD000CD1E4A /* main.swift */ = {isa = PBXFileReference; lastKnownFileType = sourcecode.swift; path = main.swift; sourceTree = "<group>"; };
		850F87852C87BF8900CD1E4A /* day01_test.txt */ = {isa = PBXFileReference; lastKnownFileType = text; path = day01_test.txt; sourceTree = "<group>"; };
		850F87872C87C2E900CD1E4A /* IOUtils.swift */ = {isa = PBXFileReference; lastKnownFileType = sourcecode.swift; path = IOUtils.swift; sourceTree = "<group>"; };
		850F878B2C87C47200CD1E4A /* Day01Pt1.swift */ = {isa = PBXFileReference; lastKnownFileType = sourcecode.swift; path = Day01Pt1.swift; sourceTree = "<group>"; };
		850F878E2C87C69E00CD1E4A /* day01_input.txt */ = {isa = PBXFileReference; lastKnownFileType = text; path = day01_input.txt; sourceTree = "<group>"; };
		850F87912C87CBD900CD1E4A /* Day01Pt2.swift */ = {isa = PBXFileReference; lastKnownFileType = sourcecode.swift; path = Day01Pt2.swift; sourceTree = "<group>"; };
		850F87932C87D20800CD1E4A /* day02_input.txt */ = {isa = PBXFileReference; lastKnownFileType = text; path = day02_input.txt; sourceTree = "<group>"; };
		850F87942C87D24300CD1E4A /* day02_test.txt */ = {isa = PBXFileReference; lastKnownFileType = text; path = day02_test.txt; sourceTree = "<group>"; };
		850F87962C87D25E00CD1E4A /* Day02Pt1.swift */ = {isa = PBXFileReference; lastKnownFileType = sourcecode.swift; path = Day02Pt1.swift; sourceTree = "<group>"; };
		850F879A2C87D7DD00CD1E4A /* Day02Pt2.swift */ = {isa = PBXFileReference; lastKnownFileType = sourcecode.swift; path = Day02Pt2.swift; sourceTree = "<group>"; };
		850F879D2C87DC2800CD1E4A /* Day03Pt1.swift */ = {isa = PBXFileReference; lastKnownFileType = sourcecode.swift; path = Day03Pt1.swift; sourceTree = "<group>"; };
		850F879F2C87DC5700CD1E4A /* day03_input.txt */ = {isa = PBXFileReference; lastKnownFileType = text; path = day03_input.txt; sourceTree = "<group>"; };
		850F87A12C8809B900CD1E4A /* Day03Pt2.swift */ = {isa = PBXFileReference; fileEncoding = 4; lastKnownFileType = sourcecode.swift; path = Day03Pt2.swift; sourceTree = "<group>"; };
		850F87A52C89128300CD1E4A /* day04_input.txt */ = {isa = PBXFileReference; fileEncoding = 4; lastKnownFileType = text; path = day04_input.txt; sourceTree = "<group>"; };
		850F87A62C89128300CD1E4A /* day04_test.txt */ = {isa = PBXFileReference; fileEncoding = 4; lastKnownFileType = text; path = day04_test.txt; sourceTree = "<group>"; };
		850F87AC2C8913D600CD1E4A /* Day04Pt1.swift */ = {isa = PBXFileReference; lastKnownFileType = sourcecode.swift; path = Day04Pt1.swift; sourceTree = "<group>"; };
		850F87AE2C89162300CD1E4A /* Day04Pt2.swift */ = {isa = PBXFileReference; lastKnownFileType = sourcecode.swift; path = Day04Pt2.swift; sourceTree = "<group>"; };
		850F87B02C891A5900CD1E4A /* day05_input.txt */ = {isa = PBXFileReference; fileEncoding = 4; lastKnownFileType = text; path = day05_input.txt; sourceTree = "<group>"; };
		850F87B12C891A5900CD1E4A /* day05_test.txt */ = {isa = PBXFileReference; fileEncoding = 4; lastKnownFileType = text; path = day05_test.txt; sourceTree = "<group>"; };
		850F87B52C891A7700CD1E4A /* Day05Pt1.swift */ = {isa = PBXFileReference; lastKnownFileType = sourcecode.swift; path = Day05Pt1.swift; sourceTree = "<group>"; };
		850F87B72C891C1A00CD1E4A /* Day05Pt2.swift */ = {isa = PBXFileReference; lastKnownFileType = sourcecode.swift; path = Day05Pt2.swift; sourceTree = "<group>"; };
		850F87B92C8970EB00CD1E4A /* day06_input.txt */ = {isa = PBXFileReference; fileEncoding = 4; lastKnownFileType = text; path = day06_input.txt; sourceTree = "<group>"; };
		850F87BB2C89713000CD1E4A /* Day06Pt1.swift */ = {isa = PBXFileReference; lastKnownFileType = sourcecode.swift; path = Day06Pt1.swift; sourceTree = "<group>"; };
		850F87BE2C89728400CD1E4A /* day06_test.txt */ = {isa = PBXFileReference; fileEncoding = 4; lastKnownFileType = text; path = day06_test.txt; sourceTree = "<group>"; };
		850F87C02C8975ED00CD1E4A /* Day06Pt2.swift */ = {isa = PBXFileReference; lastKnownFileType = sourcecode.swift; path = Day06Pt2.swift; sourceTree = "<group>"; };
		850F87C22C8976E400CD1E4A /* day07_input.txt */ = {isa = PBXFileReference; lastKnownFileType = text; path = day07_input.txt; sourceTree = "<group>"; };
		850F87C32C89770300CD1E4A /* day07_test.txt */ = {isa = PBXFileReference; lastKnownFileType = text; path = day07_test.txt; sourceTree = "<group>"; };
		850F87C72C89773400CD1E4A /* Day07Pt1.swift */ = {isa = PBXFileReference; lastKnownFileType = sourcecode.swift; path = Day07Pt1.swift; sourceTree = "<group>"; };
		8579CA262CFA8BC90055DA87 /* Day13Pt1.swift */ = {isa = PBXFileReference; lastKnownFileType = sourcecode.swift; path = Day13Pt1.swift; sourceTree = "<group>"; };
		8579CA282CFA8C290055DA87 /* day13_input.txt */ = {isa = PBXFileReference; lastKnownFileType = text; path = day13_input.txt; sourceTree = "<group>"; };
		8579CA292CFA8C330055DA87 /* day13_test.txt */ = {isa = PBXFileReference; lastKnownFileType = text; path = day13_test.txt; sourceTree = "<group>"; };
		8579CA2C2CFADE490055DA87 /* Day13Pt2.swift */ = {isa = PBXFileReference; lastKnownFileType = sourcecode.swift; path = Day13Pt2.swift; sourceTree = "<group>"; };
		85CA6A7D2CF9591400DFAD12 /* Day07Pt2.swift */ = {isa = PBXFileReference; lastKnownFileType = sourcecode.swift; path = Day07Pt2.swift; sourceTree = "<group>"; };
		85CA6A802CF97B7600DFAD12 /* Day08Pt1.swift */ = {isa = PBXFileReference; lastKnownFileType = sourcecode.swift; path = Day08Pt1.swift; sourceTree = "<group>"; };
		85CA6A822CF97CA600DFAD12 /* day08_test.txt */ = {isa = PBXFileReference; lastKnownFileType = text; path = day08_test.txt; sourceTree = "<group>"; };
		85CA6A832CF97CBB00DFAD12 /* day08_input.txt */ = {isa = PBXFileReference; lastKnownFileType = text; path = day08_input.txt; sourceTree = "<group>"; };
		85CA6A872CF981EB00DFAD12 /* Day08Pt2.swift */ = {isa = PBXFileReference; lastKnownFileType = sourcecode.swift; path = Day08Pt2.swift; sourceTree = "<group>"; };
		85CA6A8A2CF982B600DFAD12 /* Day09Pt1.swift */ = {isa = PBXFileReference; lastKnownFileType = sourcecode.swift; path = Day09Pt1.swift; sourceTree = "<group>"; };
		85CA6A8C2CF982CD00DFAD12 /* day09_test.txt */ = {isa = PBXFileReference; lastKnownFileType = text; path = day09_test.txt; sourceTree = "<group>"; };
		85CA6A8D2CF982DA00DFAD12 /* day09_input.txt */ = {isa = PBXFileReference; lastKnownFileType = text; path = day09_input.txt; sourceTree = "<group>"; };
		85CA6A902CFA1DFF00DFAD12 /* Day09Pt2.swift */ = {isa = PBXFileReference; lastKnownFileType = sourcecode.swift; path = Day09Pt2.swift; sourceTree = "<group>"; };
		85CA6A932CFA203000DFAD12 /* Day10Pt1.swift */ = {isa = PBXFileReference; lastKnownFileType = sourcecode.swift; path = Day10Pt1.swift; sourceTree = "<group>"; };
		85CA6A952CFA206C00DFAD12 /* day10_test.txt */ = {isa = PBXFileReference; lastKnownFileType = text; path = day10_test.txt; sourceTree = "<group>"; };
		85CA6A962CFA207600DFAD12 /* day10_input.txt */ = {isa = PBXFileReference; lastKnownFileType = text; path = day10_input.txt; sourceTree = "<group>"; };
		85CA6A992CFA2A5600DFAD12 /* Day10Pt2.swift */ = {isa = PBXFileReference; lastKnownFileType = sourcecode.swift; path = Day10Pt2.swift; sourceTree = "<group>"; };
		85CA6A9C2CFA5B3700DFAD12 /* Day11Pt1.swift */ = {isa = PBXFileReference; lastKnownFileType = sourcecode.swift; path = Day11Pt1.swift; sourceTree = "<group>"; };
		85CA6A9E2CFA5B5800DFAD12 /* day11_test.txt */ = {isa = PBXFileReference; lastKnownFileType = text; path = day11_test.txt; sourceTree = "<group>"; };
		85CA6A9F2CFA5B6000DFAD12 /* day11_input.txt */ = {isa = PBXFileReference; lastKnownFileType = text; path = day11_input.txt; sourceTree = "<group>"; };
		85CA6AA22CFA84C300DFAD12 /* Day11Pt2.swift */ = {isa = PBXFileReference; lastKnownFileType = sourcecode.swift; path = Day11Pt2.swift; sourceTree = "<group>"; };
		85CA6AA52CFA857600DFAD12 /* Day12Pt1.swift */ = {isa = PBXFileReference; lastKnownFileType = sourcecode.swift; path = Day12Pt1.swift; sourceTree = "<group>"; };
		85CA6AA72CFA859B00DFAD12 /* day12_input.txt */ = {isa = PBXFileReference; lastKnownFileType = text; path = day12_input.txt; sourceTree = "<group>"; };
		85CA6AA82CFA85A500DFAD12 /* day12_test.txt */ = {isa = PBXFileReference; lastKnownFileType = text; path = day12_test.txt; sourceTree = "<group>"; };
		85CA6AAB2CFA898000DFAD12 /* Day12Pt2.swift */ = {isa = PBXFileReference; lastKnownFileType = sourcecode.swift; path = Day12Pt2.swift; sourceTree = "<group>"; };
/* End PBXFileReference section */

/* Begin PBXFrameworksBuildPhase section */
		850F87742C87AAD000CD1E4A /* Frameworks */ = {
			isa = PBXFrameworksBuildPhase;
			buildActionMask = 2147483647;
			files = (
			);
			runOnlyForDeploymentPostprocessing = 0;
		};
/* End PBXFrameworksBuildPhase section */

/* Begin PBXGroup section */
		850F876E2C87AAD000CD1E4A = {
			isa = PBXGroup;
			children = (
				850F87792C87AAD000CD1E4A /* Advent */,
				850F87782C87AAD000CD1E4A /* Products */,
			);
			sourceTree = "<group>";
		};
		850F87782C87AAD000CD1E4A /* Products */ = {
			isa = PBXGroup;
			children = (
				850F87772C87AAD000CD1E4A /* Advent */,
			);
			name = Products;
			sourceTree = "<group>";
		};
		850F87792C87AAD000CD1E4A /* Advent */ = {
			isa = PBXGroup;
			children = (
				850F878D2C87C68A00CD1E4A /* Resources */,
				850F87892C87C44C00CD1E4A /* Days */,
				850F877A2C87AAD000CD1E4A /* main.swift */,
				850F87872C87C2E900CD1E4A /* IOUtils.swift */,
			);
			path = Advent;
			sourceTree = "<group>";
		};
		850F87892C87C44C00CD1E4A /* Days */ = {
			isa = PBXGroup;
			children = (
				850F878A2C87C45D00CD1E4A /* 01 */,
				850F87952C87D25200CD1E4A /* 02 */,
				850F879C2C87DC1900CD1E4A /* 03 */,
				850F87AB2C8913CB00CD1E4A /* 04 */,
				850F87B42C891A6E00CD1E4A /* 05 */,
				850F87BA2C89711F00CD1E4A /* 06 */,
				850F87C62C89771800CD1E4A /* 07 */,
				85CA6A7F2CF97B4000DFAD12 /* 08 */,
				85CA6A892CF982A200DFAD12 /* 09 */,
				85CA6A922CFA1FFF00DFAD12 /* 10 */,
				85CA6A9B2CFA5B2A00DFAD12 /* 11 */,
				85CA6AA42CFA856700DFAD12 /* 12 */,
				8579CA252CFA8BBE0055DA87 /* 13 */,
			);
			path = Days;
			sourceTree = "<group>";
		};
		850F878A2C87C45D00CD1E4A /* 01 */ = {
			isa = PBXGroup;
			children = (
				850F878B2C87C47200CD1E4A /* Day01Pt1.swift */,
				850F87912C87CBD900CD1E4A /* Day01Pt2.swift */,
			);
			path = 01;
			sourceTree = "<group>";
		};
		850F878D2C87C68A00CD1E4A /* Resources */ = {
			isa = PBXGroup;
			children = (
				850F87852C87BF8900CD1E4A /* day01_test.txt */,
				850F878E2C87C69E00CD1E4A /* day01_input.txt */,
				850F87942C87D24300CD1E4A /* day02_test.txt */,
				850F87932C87D20800CD1E4A /* day02_input.txt */,
				850F879F2C87DC5700CD1E4A /* day03_input.txt */,
				850F87A62C89128300CD1E4A /* day04_test.txt */,
				850F87A52C89128300CD1E4A /* day04_input.txt */,
				850F87B12C891A5900CD1E4A /* day05_test.txt */,
				850F87B02C891A5900CD1E4A /* day05_input.txt */,
				850F87BE2C89728400CD1E4A /* day06_test.txt */,
				850F87B92C8970EB00CD1E4A /* day06_input.txt */,
				850F87C32C89770300CD1E4A /* day07_test.txt */,
				850F87C22C8976E400CD1E4A /* day07_input.txt */,
				85CA6A822CF97CA600DFAD12 /* day08_test.txt */,
				85CA6A832CF97CBB00DFAD12 /* day08_input.txt */,
				85CA6A8C2CF982CD00DFAD12 /* day09_test.txt */,
				85CA6A8D2CF982DA00DFAD12 /* day09_input.txt */,
				85CA6A952CFA206C00DFAD12 /* day10_test.txt */,
				85CA6A962CFA207600DFAD12 /* day10_input.txt */,
				85CA6A9E2CFA5B5800DFAD12 /* day11_test.txt */,
				85CA6A9F2CFA5B6000DFAD12 /* day11_input.txt */,
				85CA6AA82CFA85A500DFAD12 /* day12_test.txt */,
				85CA6AA72CFA859B00DFAD12 /* day12_input.txt */,
				8579CA292CFA8C330055DA87 /* day13_test.txt */,
				8579CA282CFA8C290055DA87 /* day13_input.txt */,
			);
			path = Resources;
			sourceTree = "<group>";
		};
		850F87952C87D25200CD1E4A /* 02 */ = {
			isa = PBXGroup;
			children = (
				850F87962C87D25E00CD1E4A /* Day02Pt1.swift */,
				850F879A2C87D7DD00CD1E4A /* Day02Pt2.swift */,
			);
			path = 02;
			sourceTree = "<group>";
		};
		850F879C2C87DC1900CD1E4A /* 03 */ = {
			isa = PBXGroup;
			children = (
				850F879D2C87DC2800CD1E4A /* Day03Pt1.swift */,
				850F87A12C8809B900CD1E4A /* Day03Pt2.swift */,
			);
			path = 03;
			sourceTree = "<group>";
		};
		850F87AB2C8913CB00CD1E4A /* 04 */ = {
			isa = PBXGroup;
			children = (
				850F87AC2C8913D600CD1E4A /* Day04Pt1.swift */,
				850F87AE2C89162300CD1E4A /* Day04Pt2.swift */,
			);
			path = 04;
			sourceTree = "<group>";
		};
		850F87B42C891A6E00CD1E4A /* 05 */ = {
			isa = PBXGroup;
			children = (
				850F87B52C891A7700CD1E4A /* Day05Pt1.swift */,
				850F87B72C891C1A00CD1E4A /* Day05Pt2.swift */,
			);
			path = 05;
			sourceTree = "<group>";
		};
		850F87BA2C89711F00CD1E4A /* 06 */ = {
			isa = PBXGroup;
			children = (
				850F87BB2C89713000CD1E4A /* Day06Pt1.swift */,
				850F87C02C8975ED00CD1E4A /* Day06Pt2.swift */,
			);
			path = 06;
			sourceTree = "<group>";
		};
		850F87C62C89771800CD1E4A /* 07 */ = {
			isa = PBXGroup;
			children = (
				850F87C72C89773400CD1E4A /* Day07Pt1.swift */,
				85CA6A7D2CF9591400DFAD12 /* Day07Pt2.swift */,
			);
			path = 07;
			sourceTree = "<group>";
		};
		8579CA252CFA8BBE0055DA87 /* 13 */ = {
			isa = PBXGroup;
			children = (
				8579CA262CFA8BC90055DA87 /* Day13Pt1.swift */,
				8579CA2C2CFADE490055DA87 /* Day13Pt2.swift */,
			);
			path = 13;
			sourceTree = "<group>";
		};
		85CA6A7F2CF97B4000DFAD12 /* 08 */ = {
			isa = PBXGroup;
			children = (
				85CA6A802CF97B7600DFAD12 /* Day08Pt1.swift */,
				85CA6A872CF981EB00DFAD12 /* Day08Pt2.swift */,
			);
			path = 08;
			sourceTree = "<group>";
		};
		85CA6A892CF982A200DFAD12 /* 09 */ = {
			isa = PBXGroup;
			children = (
				85CA6A8A2CF982B600DFAD12 /* Day09Pt1.swift */,
				85CA6A902CFA1DFF00DFAD12 /* Day09Pt2.swift */,
			);
			path = 09;
			sourceTree = "<group>";
		};
		85CA6A922CFA1FFF00DFAD12 /* 10 */ = {
			isa = PBXGroup;
			children = (
				85CA6A932CFA203000DFAD12 /* Day10Pt1.swift */,
				85CA6A992CFA2A5600DFAD12 /* Day10Pt2.swift */,
			);
			path = 10;
			sourceTree = "<group>";
		};
		85CA6A9B2CFA5B2A00DFAD12 /* 11 */ = {
			isa = PBXGroup;
			children = (
				85CA6A9C2CFA5B3700DFAD12 /* Day11Pt1.swift */,
				85CA6AA22CFA84C300DFAD12 /* Day11Pt2.swift */,
			);
			path = 11;
			sourceTree = "<group>";
		};
		85CA6AA42CFA856700DFAD12 /* 12 */ = {
			isa = PBXGroup;
			children = (
				85CA6AA52CFA857600DFAD12 /* Day12Pt1.swift */,
				85CA6AAB2CFA898000DFAD12 /* Day12Pt2.swift */,
			);
			path = 12;
			sourceTree = "<group>";
		};
/* End PBXGroup section */

/* Begin PBXNativeTarget section */
		850F87762C87AAD000CD1E4A /* Advent */ = {
			isa = PBXNativeTarget;
			buildConfigurationList = 850F877E2C87AAD000CD1E4A /* Build configuration list for PBXNativeTarget "Advent" */;
			buildPhases = (
				850F87732C87AAD000CD1E4A /* Sources */,
				850F87742C87AAD000CD1E4A /* Frameworks */,
				850F87822C87AED800CD1E4A /* Copy Resources */,
			);
			buildRules = (
			);
			dependencies = (
			);
			name = Advent;
			productName = Advent;
			productReference = 850F87772C87AAD000CD1E4A /* Advent */;
			productType = "com.apple.product-type.tool";
		};
/* End PBXNativeTarget section */

/* Begin PBXProject section */
		850F876F2C87AAD000CD1E4A /* Project object */ = {
			isa = PBXProject;
			attributes = {
				BuildIndependentTargetsInParallel = 1;
				LastSwiftUpdateCheck = 1430;
				LastUpgradeCheck = 1610;
				TargetAttributes = {
					850F87762C87AAD000CD1E4A = {
						CreatedOnToolsVersion = 14.3.1;
					};
				};
			};
			buildConfigurationList = 850F87722C87AAD000CD1E4A /* Build configuration list for PBXProject "Advent" */;
			compatibilityVersion = "Xcode 14.0";
			developmentRegion = en;
			hasScannedForEncodings = 0;
			knownRegions = (
				en,
				Base,
			);
			mainGroup = 850F876E2C87AAD000CD1E4A;
			productRefGroup = 850F87782C87AAD000CD1E4A /* Products */;
			projectDirPath = "";
			projectRoot = "";
			targets = (
				850F87762C87AAD000CD1E4A /* Advent */,
			);
		};
/* End PBXProject section */

/* Begin PBXSourcesBuildPhase section */
		850F87732C87AAD000CD1E4A /* Sources */ = {
			isa = PBXSourcesBuildPhase;
			buildActionMask = 2147483647;
			files = (
				85CA6A9D2CFA5B3900DFAD12 /* Day11Pt1.swift in Sources */,
				850F87A22C8809B900CD1E4A /* Day03Pt2.swift in Sources */,
				8579CA272CFA8BCC0055DA87 /* Day13Pt1.swift in Sources */,
				850F87972C87D25E00CD1E4A /* Day02Pt1.swift in Sources */,
				85CA6A812CF97B7B00DFAD12 /* Day08Pt1.swift in Sources */,
				8579CA2D2CFADE4C0055DA87 /* Day13Pt2.swift in Sources */,
				850F878C2C87C47200CD1E4A /* Day01Pt1.swift in Sources */,
				850F877B2C87AAD000CD1E4A /* main.swift in Sources */,
				85CA6A7E2CF9591800DFAD12 /* Day07Pt2.swift in Sources */,
				850F87BC2C89713000CD1E4A /* Day06Pt1.swift in Sources */,
				85CA6AA62CFA857800DFAD12 /* Day12Pt1.swift in Sources */,
				850F87C82C89773400CD1E4A /* Day07Pt1.swift in Sources */,
				850F87922C87CBD900CD1E4A /* Day01Pt2.swift in Sources */,
				850F879E2C87DC2800CD1E4A /* Day03Pt1.swift in Sources */,
				85CA6A912CFA1E0300DFAD12 /* Day09Pt2.swift in Sources */,
				850F87B82C891C1A00CD1E4A /* Day05Pt2.swift in Sources */,
				850F87882C87C2E900CD1E4A /* IOUtils.swift in Sources */,
				850F87B62C891A7700CD1E4A /* Day05Pt1.swift in Sources */,
				85CA6AAC2CFA898200DFAD12 /* Day12Pt2.swift in Sources */,
				85CA6A882CF981EE00DFAD12 /* Day08Pt2.swift in Sources */,
				850F879B2C87D7DD00CD1E4A /* Day02Pt2.swift in Sources */,
				850F87C12C8975ED00CD1E4A /* Day06Pt2.swift in Sources */,
				850F87AD2C8913D600CD1E4A /* Day04Pt1.swift in Sources */,
				85CA6A9A2CFA2A5800DFAD12 /* Day10Pt2.swift in Sources */,
				85CA6A8B2CF982B800DFAD12 /* Day09Pt1.swift in Sources */,
				85CA6A942CFA203200DFAD12 /* Day10Pt1.swift in Sources */,
				850F87AF2C89162300CD1E4A /* Day04Pt2.swift in Sources */,
				85CA6AA32CFA84C500DFAD12 /* Day11Pt2.swift in Sources */,
			);
			runOnlyForDeploymentPostprocessing = 0;
		};
/* End PBXSourcesBuildPhase section */

/* Begin XCBuildConfiguration section */
		850F877C2C87AAD000CD1E4A /* Debug */ = {
			isa = XCBuildConfiguration;
			buildSettings = {
				ALWAYS_SEARCH_USER_PATHS = NO;
				CLANG_ANALYZER_NONNULL = YES;
				CLANG_ANALYZER_NUMBER_OBJECT_CONVERSION = YES_AGGRESSIVE;
				CLANG_CXX_LANGUAGE_STANDARD = "gnu++20";
				CLANG_ENABLE_MODULES = YES;
				CLANG_ENABLE_OBJC_ARC = YES;
				CLANG_ENABLE_OBJC_WEAK = YES;
				CLANG_WARN_BLOCK_CAPTURE_AUTORELEASING = YES;
				CLANG_WARN_BOOL_CONVERSION = YES;
				CLANG_WARN_COMMA = YES;
				CLANG_WARN_CONSTANT_CONVERSION = YES;
				CLANG_WARN_DEPRECATED_OBJC_IMPLEMENTATIONS = YES;
				CLANG_WARN_DIRECT_OBJC_ISA_USAGE = YES_ERROR;
				CLANG_WARN_DOCUMENTATION_COMMENTS = YES;
				CLANG_WARN_EMPTY_BODY = YES;
				CLANG_WARN_ENUM_CONVERSION = YES;
				CLANG_WARN_INFINITE_RECURSION = YES;
				CLANG_WARN_INT_CONVERSION = YES;
				CLANG_WARN_NON_LITERAL_NULL_CONVERSION = YES;
				CLANG_WARN_OBJC_IMPLICIT_RETAIN_SELF = YES;
				CLANG_WARN_OBJC_LITERAL_CONVERSION = YES;
				CLANG_WARN_OBJC_ROOT_CLASS = YES_ERROR;
				CLANG_WARN_QUOTED_INCLUDE_IN_FRAMEWORK_HEADER = YES;
				CLANG_WARN_RANGE_LOOP_ANALYSIS = YES;
				CLANG_WARN_STRICT_PROTOTYPES = YES;
				CLANG_WARN_SUSPICIOUS_MOVE = YES;
				CLANG_WARN_UNGUARDED_AVAILABILITY = YES_AGGRESSIVE;
				CLANG_WARN_UNREACHABLE_CODE = YES;
				CLANG_WARN__DUPLICATE_METHOD_MATCH = YES;
				COPY_PHASE_STRIP = NO;
				DEAD_CODE_STRIPPING = YES;
				DEBUG_INFORMATION_FORMAT = dwarf;
				ENABLE_STRICT_OBJC_MSGSEND = YES;
				ENABLE_TESTABILITY = YES;
				ENABLE_USER_SCRIPT_SANDBOXING = YES;
				GCC_C_LANGUAGE_STANDARD = gnu11;
				GCC_DYNAMIC_NO_PIC = NO;
				GCC_NO_COMMON_BLOCKS = YES;
				GCC_OPTIMIZATION_LEVEL = 0;
				GCC_PREPROCESSOR_DEFINITIONS = (
					"DEBUG=1",
					"$(inherited)",
				);
				GCC_WARN_64_TO_32_BIT_CONVERSION = YES;
				GCC_WARN_ABOUT_RETURN_TYPE = YES_ERROR;
				GCC_WARN_UNDECLARED_SELECTOR = YES;
				GCC_WARN_UNINITIALIZED_AUTOS = YES_AGGRESSIVE;
				GCC_WARN_UNUSED_FUNCTION = YES;
				GCC_WARN_UNUSED_VARIABLE = YES;
				MACOSX_DEPLOYMENT_TARGET = 13.3;
				MTL_ENABLE_DEBUG_INFO = INCLUDE_SOURCE;
				MTL_FAST_MATH = YES;
				ONLY_ACTIVE_ARCH = YES;
				SDKROOT = macosx;
				SWIFT_ACTIVE_COMPILATION_CONDITIONS = DEBUG;
				SWIFT_OPTIMIZATION_LEVEL = "-Onone";
			};
			name = Debug;
		};
		850F877D2C87AAD000CD1E4A /* Release */ = {
			isa = XCBuildConfiguration;
			buildSettings = {
				ALWAYS_SEARCH_USER_PATHS = NO;
				CLANG_ANALYZER_NONNULL = YES;
				CLANG_ANALYZER_NUMBER_OBJECT_CONVERSION = YES_AGGRESSIVE;
				CLANG_CXX_LANGUAGE_STANDARD = "gnu++20";
				CLANG_ENABLE_MODULES = YES;
				CLANG_ENABLE_OBJC_ARC = YES;
				CLANG_ENABLE_OBJC_WEAK = YES;
				CLANG_WARN_BLOCK_CAPTURE_AUTORELEASING = YES;
				CLANG_WARN_BOOL_CONVERSION = YES;
				CLANG_WARN_COMMA = YES;
				CLANG_WARN_CONSTANT_CONVERSION = YES;
				CLANG_WARN_DEPRECATED_OBJC_IMPLEMENTATIONS = YES;
				CLANG_WARN_DIRECT_OBJC_ISA_USAGE = YES_ERROR;
				CLANG_WARN_DOCUMENTATION_COMMENTS = YES;
				CLANG_WARN_EMPTY_BODY = YES;
				CLANG_WARN_ENUM_CONVERSION = YES;
				CLANG_WARN_INFINITE_RECURSION = YES;
				CLANG_WARN_INT_CONVERSION = YES;
				CLANG_WARN_NON_LITERAL_NULL_CONVERSION = YES;
				CLANG_WARN_OBJC_IMPLICIT_RETAIN_SELF = YES;
				CLANG_WARN_OBJC_LITERAL_CONVERSION = YES;
				CLANG_WARN_OBJC_ROOT_CLASS = YES_ERROR;
				CLANG_WARN_QUOTED_INCLUDE_IN_FRAMEWORK_HEADER = YES;
				CLANG_WARN_RANGE_LOOP_ANALYSIS = YES;
				CLANG_WARN_STRICT_PROTOTYPES = YES;
				CLANG_WARN_SUSPICIOUS_MOVE = YES;
				CLANG_WARN_UNGUARDED_AVAILABILITY = YES_AGGRESSIVE;
				CLANG_WARN_UNREACHABLE_CODE = YES;
				CLANG_WARN__DUPLICATE_METHOD_MATCH = YES;
				COPY_PHASE_STRIP = NO;
				DEAD_CODE_STRIPPING = YES;
				DEBUG_INFORMATION_FORMAT = "dwarf-with-dsym";
				ENABLE_NS_ASSERTIONS = NO;
				ENABLE_STRICT_OBJC_MSGSEND = YES;
				ENABLE_USER_SCRIPT_SANDBOXING = YES;
				GCC_C_LANGUAGE_STANDARD = gnu11;
				GCC_NO_COMMON_BLOCKS = YES;
				GCC_WARN_64_TO_32_BIT_CONVERSION = YES;
				GCC_WARN_ABOUT_RETURN_TYPE = YES_ERROR;
				GCC_WARN_UNDECLARED_SELECTOR = YES;
				GCC_WARN_UNINITIALIZED_AUTOS = YES_AGGRESSIVE;
				GCC_WARN_UNUSED_FUNCTION = YES;
				GCC_WARN_UNUSED_VARIABLE = YES;
				MACOSX_DEPLOYMENT_TARGET = 13.3;
				MTL_ENABLE_DEBUG_INFO = NO;
				MTL_FAST_MATH = YES;
				SDKROOT = macosx;
				SWIFT_COMPILATION_MODE = wholemodule;
				SWIFT_OPTIMIZATION_LEVEL = "-O";
			};
			name = Release;
		};
		850F877F2C87AAD000CD1E4A /* Debug */ = {
			isa = XCBuildConfiguration;
			buildSettings = {
				"CODE_SIGN_IDENTITY[sdk=macosx*]" = "-";
				CODE_SIGN_STYLE = Automatic;
				DEAD_CODE_STRIPPING = YES;
				DEVELOPMENT_TEAM = "";
				ENABLE_HARDENED_RUNTIME = YES;
				PRODUCT_NAME = "$(TARGET_NAME)";
				SWIFT_VERSION = 5.0;
			};
			name = Debug;
		};
		850F87802C87AAD000CD1E4A /* Release */ = {
			isa = XCBuildConfiguration;
			buildSettings = {
				"CODE_SIGN_IDENTITY[sdk=macosx*]" = "-";
				CODE_SIGN_STYLE = Automatic;
				DEAD_CODE_STRIPPING = YES;
				DEVELOPMENT_TEAM = "";
				ENABLE_HARDENED_RUNTIME = YES;
				PRODUCT_NAME = "$(TARGET_NAME)";
				SWIFT_VERSION = 5.0;
			};
			name = Release;
		};
/* End XCBuildConfiguration section */

/* Begin XCConfigurationList section */
		850F87722C87AAD000CD1E4A /* Build configuration list for PBXProject "Advent" */ = {
			isa = XCConfigurationList;
			buildConfigurations = (
				850F877C2C87AAD000CD1E4A /* Debug */,
				850F877D2C87AAD000CD1E4A /* Release */,
			);
			defaultConfigurationIsVisible = 0;
			defaultConfigurationName = Release;
		};
		850F877E2C87AAD000CD1E4A /* Build configuration list for PBXNativeTarget "Advent" */ = {
			isa = XCConfigurationList;
			buildConfigurations = (
				850F877F2C87AAD000CD1E4A /* Debug */,
				850F87802C87AAD000CD1E4A /* Release */,
			);
			defaultConfigurationIsVisible = 0;
			defaultConfigurationName = Release;
		};
/* End XCConfigurationList section */
	};
	rootObject = 850F876F2C87AAD000CD1E4A /* Project object */;
}
