// !$*UTF8*$!
{
	archiveVersion = 1;
	classes = {
	};
	objectVersion = 56;
	objects = {

/* Begin PBXBuildFile section */
		850F877B2C87AAD000CD1E4A /* main.swift in Sources */ = {isa = PBXBuildFile; fileRef = 850F877A2C87AAD000CD1E4A /* main.swift */; };
		850F87882C87C2E900CD1E4A /* IOUtils.swift in Sources */ = {isa = PBXBuildFile; fileRef = 850F87872C87C2E900CD1E4A /* IOUtils.swift */; };
		850F878C2C87C47200CD1E4A /* Day01Pt1.swift in Sources */ = {isa = PBXBuildFile; fileRef = 850F878B2C87C47200CD1E4A /* Day01Pt1.swift */; };
		850F878F2C87C98400CD1E4A /* day01_input.txt in Copy Resources */ = {isa = PBXBuildFile; fileRef = 850F878E2C87C69E00CD1E4A /* day01_input.txt */; };
		850F87902C87C9B900CD1E4A /* day01_test.txt in Copy Resources */ = {isa = PBXBuildFile; fileRef = 850F87852C87BF8900CD1E4A /* day01_test.txt */; };
		850F87922C87CBD900CD1E4A /* Day01Pt2.swift in Sources */ = {isa = PBXBuildFile; fileRef = 850F87912C87CBD900CD1E4A /* Day01Pt2.swift */; };
		850F87972C87D25E00CD1E4A /* Day02Pt1.swift in Sources */ = {isa = PBXBuildFile; fileRef = 850F87962C87D25E00CD1E4A /* Day02Pt1.swift */; };
		850F87982C87D28900CD1E4A /* day02_input.txt in Copy Resources */ = {isa = PBXBuildFile; fileRef = 850F87932C87D20800CD1E4A /* day02_input.txt */; };
		850F87992C87D28900CD1E4A /* day02_test.txt in Copy Resources */ = {isa = PBXBuildFile; fileRef = 850F87942C87D24300CD1E4A /* day02_test.txt */; };
		850F879B2C87D7DD00CD1E4A /* Day02Pt2.swift in Sources */ = {isa = PBXBuildFile; fileRef = 850F879A2C87D7DD00CD1E4A /* Day02Pt2.swift */; };
		850F879E2C87DC2800CD1E4A /* Day03Pt1.swift in Sources */ = {isa = PBXBuildFile; fileRef = 850F879D2C87DC2800CD1E4A /* Day03Pt1.swift */; };
		850F87A02C87DC5E00CD1E4A /* day03_input.txt in Copy Resources */ = {isa = PBXBuildFile; fileRef = 850F879F2C87DC5700CD1E4A /* day03_input.txt */; };
		850F87A22C8809B900CD1E4A /* Day03Pt2.swift in Sources */ = {isa = PBXBuildFile; fileRef = 850F87A12C8809B900CD1E4A /* Day03Pt2.swift */; };
/* End PBXBuildFile section */

/* Begin PBXCopyFilesBuildPhase section */
		850F87822C87AED800CD1E4A /* Copy Resources */ = {
			isa = PBXCopyFilesBuildPhase;
			buildActionMask = 2147483647;
			dstPath = "";
			dstSubfolderSpec = 7;
			files = (
				850F87A02C87DC5E00CD1E4A /* day03_input.txt in Copy Resources */,
				850F87982C87D28900CD1E4A /* day02_input.txt in Copy Resources */,
				850F87992C87D28900CD1E4A /* day02_test.txt in Copy Resources */,
				850F87902C87C9B900CD1E4A /* day01_test.txt in Copy Resources */,
				850F878F2C87C98400CD1E4A /* day01_input.txt in Copy Resources */,
			);
			name = "Copy Resources";
			runOnlyForDeploymentPostprocessing = 0;
		};
/* End PBXCopyFilesBuildPhase section */

/* Begin PBXFileReference section */
		850F87772C87AAD000CD1E4A /* Advent */ = {isa = PBXFileReference; explicitFileType = "compiled.mach-o.executable"; includeInIndex = 0; path = Advent; sourceTree = BUILT_PRODUCTS_DIR; };
		850F877A2C87AAD000CD1E4A /* main.swift */ = {isa = PBXFileReference; lastKnownFileType = sourcecode.swift; path = main.swift; sourceTree = "<group>"; };
		850F87852C87BF8900CD1E4A /* day01_test.txt */ = {isa = PBXFileReference; lastKnownFileType = text; path = day01_test.txt; sourceTree = "<group>"; };
		850F87872C87C2E900CD1E4A /* IOUtils.swift */ = {isa = PBXFileReference; lastKnownFileType = sourcecode.swift; path = IOUtils.swift; sourceTree = "<group>"; };
		850F878B2C87C47200CD1E4A /* Day01Pt1.swift */ = {isa = PBXFileReference; lastKnownFileType = sourcecode.swift; path = Day01Pt1.swift; sourceTree = "<group>"; };
		850F878E2C87C69E00CD1E4A /* day01_input.txt */ = {isa = PBXFileReference; lastKnownFileType = text; path = day01_input.txt; sourceTree = "<group>"; };
		850F87912C87CBD900CD1E4A /* Day01Pt2.swift */ = {isa = PBXFileReference; lastKnownFileType = sourcecode.swift; path = Day01Pt2.swift; sourceTree = "<group>"; };
		850F87932C87D20800CD1E4A /* day02_input.txt */ = {isa = PBXFileReference; lastKnownFileType = text; path = day02_input.txt; sourceTree = "<group>"; };
		850F87942C87D24300CD1E4A /* day02_test.txt */ = {isa = PBXFileReference; lastKnownFileType = text; path = day02_test.txt; sourceTree = "<group>"; };
		850F87962C87D25E00CD1E4A /* Day02Pt1.swift */ = {isa = PBXFileReference; lastKnownFileType = sourcecode.swift; path = Day02Pt1.swift; sourceTree = "<group>"; };
		850F879A2C87D7DD00CD1E4A /* Day02Pt2.swift */ = {isa = PBXFileReference; lastKnownFileType = sourcecode.swift; path = Day02Pt2.swift; sourceTree = "<group>"; };
		850F879D2C87DC2800CD1E4A /* Day03Pt1.swift */ = {isa = PBXFileReference; lastKnownFileType = sourcecode.swift; path = Day03Pt1.swift; sourceTree = "<group>"; };
		850F879F2C87DC5700CD1E4A /* day03_input.txt */ = {isa = PBXFileReference; lastKnownFileType = text; path = day03_input.txt; sourceTree = "<group>"; };
		850F87A12C8809B900CD1E4A /* Day03Pt2.swift */ = {isa = PBXFileReference; fileEncoding = 4; lastKnownFileType = sourcecode.swift; path = Day03Pt2.swift; sourceTree = "<group>"; };
/* End PBXFileReference section */

/* Begin PBXFrameworksBuildPhase section */
		850F87742C87AAD000CD1E4A /* Frameworks */ = {
			isa = PBXFrameworksBuildPhase;
			buildActionMask = 2147483647;
			files = (
			);
			runOnlyForDeploymentPostprocessing = 0;
		};
/* End PBXFrameworksBuildPhase section */

/* Begin PBXGroup section */
		850F876E2C87AAD000CD1E4A = {
			isa = PBXGroup;
			children = (
				850F87792C87AAD000CD1E4A /* Advent */,
				850F87782C87AAD000CD1E4A /* Products */,
			);
			sourceTree = "<group>";
		};
		850F87782C87AAD000CD1E4A /* Products */ = {
			isa = PBXGroup;
			children = (
				850F87772C87AAD000CD1E4A /* Advent */,
			);
			name = Products;
			sourceTree = "<group>";
		};
		850F87792C87AAD000CD1E4A /* Advent */ = {
			isa = PBXGroup;
			children = (
				850F878D2C87C68A00CD1E4A /* Resources */,
				850F87892C87C44C00CD1E4A /* Days */,
				850F877A2C87AAD000CD1E4A /* main.swift */,
				850F87872C87C2E900CD1E4A /* IOUtils.swift */,
			);
			path = Advent;
			sourceTree = "<group>";
		};
		850F87892C87C44C00CD1E4A /* Days */ = {
			isa = PBXGroup;
			children = (
				850F878A2C87C45D00CD1E4A /* 01 */,
				850F87952C87D25200CD1E4A /* 02 */,
				850F879C2C87DC1900CD1E4A /* 03 */,
			);
			path = Days;
			sourceTree = "<group>";
		};
		850F878A2C87C45D00CD1E4A /* 01 */ = {
			isa = PBXGroup;
			children = (
				850F878B2C87C47200CD1E4A /* Day01Pt1.swift */,
				850F87912C87CBD900CD1E4A /* Day01Pt2.swift */,
			);
			path = 01;
			sourceTree = "<group>";
		};
		850F878D2C87C68A00CD1E4A /* Resources */ = {
			isa = PBXGroup;
			children = (
				850F87852C87BF8900CD1E4A /* day01_test.txt */,
				850F878E2C87C69E00CD1E4A /* day01_input.txt */,
				850F87932C87D20800CD1E4A /* day02_input.txt */,
				850F87942C87D24300CD1E4A /* day02_test.txt */,
				850F879F2C87DC5700CD1E4A /* day03_input.txt */,
			);
			path = Resources;
			sourceTree = "<group>";
		};
		850F87952C87D25200CD1E4A /* 02 */ = {
			isa = PBXGroup;
			children = (
				850F87962C87D25E00CD1E4A /* Day02Pt1.swift */,
				850F879A2C87D7DD00CD1E4A /* Day02Pt2.swift */,
			);
			path = 02;
			sourceTree = "<group>";
		};
		850F879C2C87DC1900CD1E4A /* 03 */ = {
			isa = PBXGroup;
			children = (
				850F879D2C87DC2800CD1E4A /* Day03Pt1.swift */,
				850F87A12C8809B900CD1E4A /* Day03Pt2.swift */,
			);
			path = 03;
			sourceTree = "<group>";
		};
/* End PBXGroup section */

/* Begin PBXNativeTarget section */
		850F87762C87AAD000CD1E4A /* Advent */ = {
			isa = PBXNativeTarget;
			buildConfigurationList = 850F877E2C87AAD000CD1E4A /* Build configuration list for PBXNativeTarget "Advent" */;
			buildPhases = (
				850F87732C87AAD000CD1E4A /* Sources */,
				850F87742C87AAD000CD1E4A /* Frameworks */,
				850F87822C87AED800CD1E4A /* Copy Resources */,
			);
			buildRules = (
			);
			dependencies = (
			);
			name = Advent;
			productName = Advent;
			productReference = 850F87772C87AAD000CD1E4A /* Advent */;
			productType = "com.apple.product-type.tool";
		};
/* End PBXNativeTarget section */

/* Begin PBXProject section */
		850F876F2C87AAD000CD1E4A /* Project object */ = {
			isa = PBXProject;
			attributes = {
				BuildIndependentTargetsInParallel = 1;
				LastSwiftUpdateCheck = 1430;
				LastUpgradeCheck = 1430;
				TargetAttributes = {
					850F87762C87AAD000CD1E4A = {
						CreatedOnToolsVersion = 14.3.1;
					};
				};
			};
			buildConfigurationList = 850F87722C87AAD000CD1E4A /* Build configuration list for PBXProject "Advent" */;
			compatibilityVersion = "Xcode 14.0";
			developmentRegion = en;
			hasScannedForEncodings = 0;
			knownRegions = (
				en,
				Base,
			);
			mainGroup = 850F876E2C87AAD000CD1E4A;
			productRefGroup = 850F87782C87AAD000CD1E4A /* Products */;
			projectDirPath = "";
			projectRoot = "";
			targets = (
				850F87762C87AAD000CD1E4A /* Advent */,
			);
		};
/* End PBXProject section */

/* Begin PBXSourcesBuildPhase section */
		850F87732C87AAD000CD1E4A /* Sources */ = {
			isa = PBXSourcesBuildPhase;
			buildActionMask = 2147483647;
			files = (
				850F87A22C8809B900CD1E4A /* Day03Pt2.swift in Sources */,
				850F87972C87D25E00CD1E4A /* Day02Pt1.swift in Sources */,
				850F878C2C87C47200CD1E4A /* Day01Pt1.swift in Sources */,
				850F877B2C87AAD000CD1E4A /* main.swift in Sources */,
				850F87922C87CBD900CD1E4A /* Day01Pt2.swift in Sources */,
				850F879E2C87DC2800CD1E4A /* Day03Pt1.swift in Sources */,
				850F87882C87C2E900CD1E4A /* IOUtils.swift in Sources */,
				850F879B2C87D7DD00CD1E4A /* Day02Pt2.swift in Sources */,
			);
			runOnlyForDeploymentPostprocessing = 0;
		};
/* End PBXSourcesBuildPhase section */

/* Begin XCBuildConfiguration section */
		850F877C2C87AAD000CD1E4A /* Debug */ = {
			isa = XCBuildConfiguration;
			buildSettings = {
				ALWAYS_SEARCH_USER_PATHS = NO;
				CLANG_ANALYZER_NONNULL = YES;
				CLANG_ANALYZER_NUMBER_OBJECT_CONVERSION = YES_AGGRESSIVE;
				CLANG_CXX_LANGUAGE_STANDARD = "gnu++20";
				CLANG_ENABLE_MODULES = YES;
				CLANG_ENABLE_OBJC_ARC = YES;
				CLANG_ENABLE_OBJC_WEAK = YES;
				CLANG_WARN_BLOCK_CAPTURE_AUTORELEASING = YES;
				CLANG_WARN_BOOL_CONVERSION = YES;
				CLANG_WARN_COMMA = YES;
				CLANG_WARN_CONSTANT_CONVERSION = YES;
				CLANG_WARN_DEPRECATED_OBJC_IMPLEMENTATIONS = YES;
				CLANG_WARN_DIRECT_OBJC_ISA_USAGE = YES_ERROR;
				CLANG_WARN_DOCUMENTATION_COMMENTS = YES;
				CLANG_WARN_EMPTY_BODY = YES;
				CLANG_WARN_ENUM_CONVERSION = YES;
				CLANG_WARN_INFINITE_RECURSION = YES;
				CLANG_WARN_INT_CONVERSION = YES;
				CLANG_WARN_NON_LITERAL_NULL_CONVERSION = YES;
				CLANG_WARN_OBJC_IMPLICIT_RETAIN_SELF = YES;
				CLANG_WARN_OBJC_LITERAL_CONVERSION = YES;
				CLANG_WARN_OBJC_ROOT_CLASS = YES_ERROR;
				CLANG_WARN_QUOTED_INCLUDE_IN_FRAMEWORK_HEADER = YES;
				CLANG_WARN_RANGE_LOOP_ANALYSIS = YES;
				CLANG_WARN_STRICT_PROTOTYPES = YES;
				CLANG_WARN_SUSPICIOUS_MOVE = YES;
				CLANG_WARN_UNGUARDED_AVAILABILITY = YES_AGGRESSIVE;
				CLANG_WARN_UNREACHABLE_CODE = YES;
				CLANG_WARN__DUPLICATE_METHOD_MATCH = YES;
				COPY_PHASE_STRIP = NO;
				DEBUG_INFORMATION_FORMAT = dwarf;
				ENABLE_STRICT_OBJC_MSGSEND = YES;
				ENABLE_TESTABILITY = YES;
				GCC_C_LANGUAGE_STANDARD = gnu11;
				GCC_DYNAMIC_NO_PIC = NO;
				GCC_NO_COMMON_BLOCKS = YES;
				GCC_OPTIMIZATION_LEVEL = 0;
				GCC_PREPROCESSOR_DEFINITIONS = (
					"DEBUG=1",
					"$(inherited)",
				);
				GCC_WARN_64_TO_32_BIT_CONVERSION = YES;
				GCC_WARN_ABOUT_RETURN_TYPE = YES_ERROR;
				GCC_WARN_UNDECLARED_SELECTOR = YES;
				GCC_WARN_UNINITIALIZED_AUTOS = YES_AGGRESSIVE;
				GCC_WARN_UNUSED_FUNCTION = YES;
				GCC_WARN_UNUSED_VARIABLE = YES;
				MACOSX_DEPLOYMENT_TARGET = 13.3;
				MTL_ENABLE_DEBUG_INFO = INCLUDE_SOURCE;
				MTL_FAST_MATH = YES;
				ONLY_ACTIVE_ARCH = YES;
				SDKROOT = macosx;
				SWIFT_ACTIVE_COMPILATION_CONDITIONS = DEBUG;
				SWIFT_OPTIMIZATION_LEVEL = "-Onone";
			};
			name = Debug;
		};
		850F877D2C87AAD000CD1E4A /* Release */ = {
			isa = XCBuildConfiguration;
			buildSettings = {
				ALWAYS_SEARCH_USER_PATHS = NO;
				CLANG_ANALYZER_NONNULL = YES;
				CLANG_ANALYZER_NUMBER_OBJECT_CONVERSION = YES_AGGRESSIVE;
				CLANG_CXX_LANGUAGE_STANDARD = "gnu++20";
				CLANG_ENABLE_MODULES = YES;
				CLANG_ENABLE_OBJC_ARC = YES;
				CLANG_ENABLE_OBJC_WEAK = YES;
				CLANG_WARN_BLOCK_CAPTURE_AUTORELEASING = YES;
				CLANG_WARN_BOOL_CONVERSION = YES;
				CLANG_WARN_COMMA = YES;
				CLANG_WARN_CONSTANT_CONVERSION = YES;
				CLANG_WARN_DEPRECATED_OBJC_IMPLEMENTATIONS = YES;
				CLANG_WARN_DIRECT_OBJC_ISA_USAGE = YES_ERROR;
				CLANG_WARN_DOCUMENTATION_COMMENTS = YES;
				CLANG_WARN_EMPTY_BODY = YES;
				CLANG_WARN_ENUM_CONVERSION = YES;
				CLANG_WARN_INFINITE_RECURSION = YES;
				CLANG_WARN_INT_CONVERSION = YES;
				CLANG_WARN_NON_LITERAL_NULL_CONVERSION = YES;
				CLANG_WARN_OBJC_IMPLICIT_RETAIN_SELF = YES;
				CLANG_WARN_OBJC_LITERAL_CONVERSION = YES;
				CLANG_WARN_OBJC_ROOT_CLASS = YES_ERROR;
				CLANG_WARN_QUOTED_INCLUDE_IN_FRAMEWORK_HEADER = YES;
				CLANG_WARN_RANGE_LOOP_ANALYSIS = YES;
				CLANG_WARN_STRICT_PROTOTYPES = YES;
				CLANG_WARN_SUSPICIOUS_MOVE = YES;
				CLANG_WARN_UNGUARDED_AVAILABILITY = YES_AGGRESSIVE;
				CLANG_WARN_UNREACHABLE_CODE = YES;
				CLANG_WARN__DUPLICATE_METHOD_MATCH = YES;
				COPY_PHASE_STRIP = NO;
				DEBUG_INFORMATION_FORMAT = "dwarf-with-dsym";
				ENABLE_NS_ASSERTIONS = NO;
				ENABLE_STRICT_OBJC_MSGSEND = YES;
				GCC_C_LANGUAGE_STANDARD = gnu11;
				GCC_NO_COMMON_BLOCKS = YES;
				GCC_WARN_64_TO_32_BIT_CONVERSION = YES;
				GCC_WARN_ABOUT_RETURN_TYPE = YES_ERROR;
				GCC_WARN_UNDECLARED_SELECTOR = YES;
				GCC_WARN_UNINITIALIZED_AUTOS = YES_AGGRESSIVE;
				GCC_WARN_UNUSED_FUNCTION = YES;
				GCC_WARN_UNUSED_VARIABLE = YES;
				MACOSX_DEPLOYMENT_TARGET = 13.3;
				MTL_ENABLE_DEBUG_INFO = NO;
				MTL_FAST_MATH = YES;
				SDKROOT = macosx;
				SWIFT_COMPILATION_MODE = wholemodule;
				SWIFT_OPTIMIZATION_LEVEL = "-O";
			};
			name = Release;
		};
		850F877F2C87AAD000CD1E4A /* Debug */ = {
			isa = XCBuildConfiguration;
			buildSettings = {
				"CODE_SIGN_IDENTITY[sdk=macosx*]" = "-";
				CODE_SIGN_STYLE = Automatic;
				DEVELOPMENT_TEAM = "";
				ENABLE_HARDENED_RUNTIME = YES;
				PRODUCT_NAME = "$(TARGET_NAME)";
				SWIFT_VERSION = 5.0;
			};
			name = Debug;
		};
		850F87802C87AAD000CD1E4A /* Release */ = {
			isa = XCBuildConfiguration;
			buildSettings = {
				"CODE_SIGN_IDENTITY[sdk=macosx*]" = "-";
				CODE_SIGN_STYLE = Automatic;
				DEVELOPMENT_TEAM = "";
				ENABLE_HARDENED_RUNTIME = YES;
				PRODUCT_NAME = "$(TARGET_NAME)";
				SWIFT_VERSION = 5.0;
			};
			name = Release;
		};
/* End XCBuildConfiguration section */

/* Begin XCConfigurationList section */
		850F87722C87AAD000CD1E4A /* Build configuration list for PBXProject "Advent" */ = {
			isa = XCConfigurationList;
			buildConfigurations = (
				850F877C2C87AAD000CD1E4A /* Debug */,
				850F877D2C87AAD000CD1E4A /* Release */,
			);
			defaultConfigurationIsVisible = 0;
			defaultConfigurationName = Release;
		};
		850F877E2C87AAD000CD1E4A /* Build configuration list for PBXNativeTarget "Advent" */ = {
			isa = XCConfigurationList;
			buildConfigurations = (
				850F877F2C87AAD000CD1E4A /* Debug */,
				850F87802C87AAD000CD1E4A /* Release */,
			);
			defaultConfigurationIsVisible = 0;
			defaultConfigurationName = Release;
		};
/* End XCConfigurationList section */
	};
	rootObject = 850F876F2C87AAD000CD1E4A /* Project object */;
}
